{
  "name": "chat",
  "lockfileVersion": 3,
  "requires": true,
  "packages": {
    "": {
      "dependencies": {
        "daisyui": "^5.0.3"
      }
    },
    "node_modules/daisyui": {
      "version": "5.0.3",
      "resolved": "https://registry.npmjs.org/daisyui/-/daisyui-5.0.3.tgz",
      "integrity": "sha512-27dou80uFNgxVcmQNzS8QFBoE1/01u7N0smdGqA2pHbaRPTFoHdJfXNzilpvt/0jAVu8cMEhrVPoYxpdxLwumA==",
      "license": "MIT",
      "funding": {
        "url": "https://github.com/saadeghi/daisyui?sponsor=1"
      }
    }
  }
}
